
Microsoft Visual Studio Solution File, Format Version 12.00
Project("{2150E333-8FDC-42A3-9474-1A3956D46DE8}") = "src", "src", "{B8E4DD5B-1A92-4070-B4AD-2927B53003B2}"
EndProject
Project("{2150E333-8FDC-42A3-9474-1A3956D46DE8}") = "0 - API", "0 - API", "{22C4A188-8708-4B34-B1FC-6C4312A7B7F9}"
EndProject
Project("{FAE04EC0-301F-11D3-BF4B-00C04F79EFBC}") = "API", "API\API.csproj", "{6893E5A5-59C6-4A25-A0F2-D45EE6C7707D}"
EndProject
Project("{2150E333-8FDC-42A3-9474-1A3956D46DE8}") = "1 - Application", "1 - Application", "{C8A4A7FB-7A42-4D61-985E-CE96DA9939EF}"
EndProject
Project("{2150E333-8FDC-42A3-9474-1A3956D46DE8}") = "2 - Domain", "2 - Domain", "{6FDEA3F9-6D4E-4D6C-9E7D-8105032E4CA9}"
EndProject
Project("{2150E333-8FDC-42A3-9474-1A3956D46DE8}") = "3 - CrossCutting", "3 - CrossCutting", "{FD26301A-84E5-4BAB-B045-B3DA8C200FD1}"
EndProject
Project("{FAE04EC0-301F-11D3-BF4B-00C04F79EFBC}") = "Domain", "Domain\Domain.csproj", "{521BE24B-D208-49CE-A38E-D1ABBF979E4A}"
EndProject
Project("{FAE04EC0-301F-11D3-BF4B-00C04F79EFBC}") = "Infrastructure", "Infrastructure\Infrastructure.csproj", "{F5D5054D-76B1-4D5D-AF55-6022AFEA8AC5}"
EndProject
Project("{FAE04EC0-301F-11D3-BF4B-00C04F79EFBC}") = "Application", "Application\Application.csproj", "{496DCC97-D2A1-4409-8227-808D2B9214CF}"
EndProject
Project("{2150E333-8FDC-42A3-9474-1A3956D46DE8}") = "4 - Tests", "4 - Tests", "{4F83C89F-D257-4C6B-AF3D-0647A55E3C3A}"
EndProject
Project("{FAE04EC0-301F-11D3-BF4B-00C04F79EFBC}") = "UnitTests", "UnitTests\UnitTests.csproj", "{AFD304C4-DBB7-4ED5-8BE5-0415A9CA0A4C}"
EndProject
Project("{2150E333-8FDC-42A3-9474-1A3956D46DE8}") = "Solution Items", "Solution Items", "{DB86DC8E-E383-4DB1-AAA2-A8BEB4D7588F}"
	ProjectSection(SolutionItems) = preProject
		docker-compose.yml = docker-compose.yml
	EndProjectSection
EndProject
Global
	GlobalSection(SolutionConfigurationPlatforms) = preSolution
		Debug|Any CPU = Debug|Any CPU
		Release|Any CPU = Release|Any CPU
	EndGlobalSection
	GlobalSection(ProjectConfigurationPlatforms) = postSolution
		{6893E5A5-59C6-4A25-A0F2-D45EE6C7707D}.Debug|Any CPU.ActiveCfg = Debug|Any CPU
		{6893E5A5-59C6-4A25-A0F2-D45EE6C7707D}.Debug|Any CPU.Build.0 = Debug|Any CPU
		{6893E5A5-59C6-4A25-A0F2-D45EE6C7707D}.Release|Any CPU.ActiveCfg = Release|Any CPU
		{6893E5A5-59C6-4A25-A0F2-D45EE6C7707D}.Release|Any CPU.Build.0 = Release|Any CPU
		{521BE24B-D208-49CE-A38E-D1ABBF979E4A}.Debug|Any CPU.ActiveCfg = Debug|Any CPU
		{521BE24B-D208-49CE-A38E-D1ABBF979E4A}.Debug|Any CPU.Build.0 = Debug|Any CPU
		{521BE24B-D208-49CE-A38E-D1ABBF979E4A}.Release|Any CPU.ActiveCfg = Release|Any CPU
		{521BE24B-D208-49CE-A38E-D1ABBF979E4A}.Release|Any CPU.Build.0 = Release|Any CPU
		{F5D5054D-76B1-4D5D-AF55-6022AFEA8AC5}.Debug|Any CPU.ActiveCfg = Debug|Any CPU
		{F5D5054D-76B1-4D5D-AF55-6022AFEA8AC5}.Debug|Any CPU.Build.0 = Debug|Any CPU
		{F5D5054D-76B1-4D5D-AF55-6022AFEA8AC5}.Release|Any CPU.ActiveCfg = Release|Any CPU
		{F5D5054D-76B1-4D5D-AF55-6022AFEA8AC5}.Release|Any CPU.Build.0 = Release|Any CPU
		{496DCC97-D2A1-4409-8227-808D2B9214CF}.Debug|Any CPU.ActiveCfg = Debug|Any CPU
		{496DCC97-D2A1-4409-8227-808D2B9214CF}.Debug|Any CPU.Build.0 = Debug|Any CPU
		{496DCC97-D2A1-4409-8227-808D2B9214CF}.Release|Any CPU.ActiveCfg = Release|Any CPU
		{496DCC97-D2A1-4409-8227-808D2B9214CF}.Release|Any CPU.Build.0 = Release|Any CPU
		{AFD304C4-DBB7-4ED5-8BE5-0415A9CA0A4C}.Debug|Any CPU.ActiveCfg = Debug|Any CPU
		{AFD304C4-DBB7-4ED5-8BE5-0415A9CA0A4C}.Debug|Any CPU.Build.0 = Debug|Any CPU
		{AFD304C4-DBB7-4ED5-8BE5-0415A9CA0A4C}.Release|Any CPU.ActiveCfg = Release|Any CPU
		{AFD304C4-DBB7-4ED5-8BE5-0415A9CA0A4C}.Release|Any CPU.Build.0 = Release|Any CPU
	EndGlobalSection
	GlobalSection(NestedProjects) = preSolution
		{22C4A188-8708-4B34-B1FC-6C4312A7B7F9} = {B8E4DD5B-1A92-4070-B4AD-2927B53003B2}
		{6893E5A5-59C6-4A25-A0F2-D45EE6C7707D} = {22C4A188-8708-4B34-B1FC-6C4312A7B7F9}
		{C8A4A7FB-7A42-4D61-985E-CE96DA9939EF} = {B8E4DD5B-1A92-4070-B4AD-2927B53003B2}
		{6FDEA3F9-6D4E-4D6C-9E7D-8105032E4CA9} = {B8E4DD5B-1A92-4070-B4AD-2927B53003B2}
		{FD26301A-84E5-4BAB-B045-B3DA8C200FD1} = {B8E4DD5B-1A92-4070-B4AD-2927B53003B2}
		{521BE24B-D208-49CE-A38E-D1ABBF979E4A} = {6FDEA3F9-6D4E-4D6C-9E7D-8105032E4CA9}
		{F5D5054D-76B1-4D5D-AF55-6022AFEA8AC5} = {FD26301A-84E5-4BAB-B045-B3DA8C200FD1}
		{496DCC97-D2A1-4409-8227-808D2B9214CF} = {C8A4A7FB-7A42-4D61-985E-CE96DA9939EF}
		{4F83C89F-D257-4C6B-AF3D-0647A55E3C3A} = {B8E4DD5B-1A92-4070-B4AD-2927B53003B2}
		{AFD304C4-DBB7-4ED5-8BE5-0415A9CA0A4C} = {4F83C89F-D257-4C6B-AF3D-0647A55E3C3A}
	EndGlobalSection
EndGlobal
